{
  "lockfileVersion": 1,
  "configVersion": 1,
  "workspaces": {
    "": {
      "name": "sanemark",
      "dependencies": {
        "vscode-languageclient": "^10.1.1",
      },
      "devDependencies": {
        "@types/node": "^26.4.1",
        "@types/vscode": "^1.80.0",
        "typescript": "^5.4.0",
      },
    },
  },
  "packages": {
    "@types/node": ["@types/node@26.4.1", "", { "dependencies": { "undici-types": "~8.3.0" } }, "sha512-k97ENvZWtvA6yqz5/FS6a7duDgOPEeOQOc2iKS/nY6mX6qJUKtLnWzQS+Xj6tXweyj6ZcTAK2Qecetnvi9nCLA=="],

    "@types/vscode": ["@types/vscode@1.136.0", "", {}, "sha512-DO746VAfnHk8+Y8CsUKYMm2rjWD0mxEuYBZI+ssaqJY7yvLJPf9lcwxSSz9W60gbdvdcGyvHQxHTyByfF9mVqg=="],

    "balanced-match": ["balanced-match@4.0.4", "", {}, "sha512-BLrgEcRTwX2o6gGxGOCNyMvGSp35YofuYzw9h1IMTRmKqttAZZVU67bdb9Pr2vUHA8+j3i2tJfjO6C6+4myGTA=="],

    "brace-expansion": ["brace-expansion@5.0.9", "", { "dependencies": { "balanced-match": "^4.0.2" } }, "sha512-ScQ4IuvIEF1TMlP7Zt+vjJ//9zlPb2SDcxWxM3bk8s6t6GGdJ7KO1dCcTidOPJKePW30LE/2cT7wCyPho9/Wxg=="],

    "minimatch": ["minimatch@10.2.6", "", { "dependencies": { "brace-expansion": "^5.0.8" } }, "sha512-vpLQEs+VLCr1nU0BXS07maYoFwlDAH0gngQuuttxIwutDFEMHq2blX+8vpgxDdK3J1PwjCJiep77OitTZ4Ll1A=="],

    "semver": ["semver@7.8.5", "", { "bin": { "semver": "bin/semver.js" } }, "sha512-Y7/KDsb8LjooZpwaqGyulO6DQlksgCncchHGk+sZIY4SBvUocMBEFH5Ur1fI4dV+Jvl0w6cjvucaIi40puRioA=="],

    "typescript": ["typescript@5.9.3", "", { "bin": { "tsc": "bin/tsc", "tsserver": "bin/tsserver" } }, "sha512-jl1vZzPDinLr9eUt3J/t7V6FgNEw9QjvBPdysz9KfQDD41fQrC2Y4vKQdiaUpFT4bXlb1RHhLpp8wtm6M5TgSw=="],

    "undici-types": ["undici-types@8.3.0", "", {}, "sha512-j375ScV60dom+YkPFIfTLcOiPxkN/buHz5GobjLhixFuANaNs3C9l4GmrWqejgXWJ7BbJcFYpTEUkS1Ge8bpZQ=="],

    "vscode-jsonrpc": ["vscode-jsonrpc@9.0.2", "", {}, "sha512-SbQSV9yRemARxeXw6LU5sS6Zq0e9/DgCCX5yelH263ZQWukbTk8EF8fjTrr1dziasf4GwlJbvTwFnTrnQFWZXQ=="],

    "vscode-languageclient": ["vscode-languageclient@10.1.1", "", { "dependencies": { "minimatch": "^10.2.6", "semver": "^7.8.1", "vscode-languageserver-protocol": "3.18.3", "vscode-languageserver-textdocument": "1.0.14" } }, "sha512-EbwIF+KUbwxD5jumQNpiBCv7BJM3Rierv4hcbw/p5jdsnwFFpR/B2VmwqfH4p5XsK46nkH3ugA3WtwJekHHJEw=="],

    "vscode-languageserver-protocol": ["vscode-languageserver-protocol@3.18.3", "", { "dependencies": { "vscode-jsonrpc": "9.0.2", "vscode-languageserver-types": "3.18.3" } }, "sha512-DF49+WeV5py4zO5hhobp60jjsDSK0lAqA0OuKBLBvp423HPWQcCbhZz3JgyfIewsEz2f8U+X75xNIFHdiXZm2w=="],

    "vscode-languageserver-textdocument": ["vscode-languageserver-textdocument@1.0.14", "", {}, "sha512-EQyqJMi552E4ZTf46izQ4Fj6XquqxCySR3J5ZSD1SisMf6RfpeOWHxGBE8Gr6V0/3GHIGdAzDn8F8+1nTGCnoQ=="],

    "vscode-languageserver-types": ["vscode-languageserver-types@3.18.3", "", {}, "sha512-XIlzJ7Qp/jzSI1ds7/FwPAWrPeTZA7pAtlW4hdJ1J6xXWJL6dR9QYnDhJOdLzdKhUQ5Mm6mvUMw+3DcOQQasPw=="],
  }
}
